
Microsoft Visual Studio Solution File, Format Version 12.00
# Visual Studio Version 16
VisualStudioVersion = 16.0.30011.22
MinimumVisualStudioVersion = 10.0.40219.1
Project("{9A19103F-16F7-4668-BE54-9A1E7A4F7556}") = "WebApi", "src\WebApi\WebApi.csproj", "{D6D68174-1C9F-465D-B9CD-738B59840461}"
EndProject
Project("{9A19103F-16F7-4668-BE54-9A1E7A4F7556}") = "WebApi.Core", "src\WebApi.Core\WebApi.Core.csproj", "{EBE6EBCB-F34A-4A78-8BDE-166C1389E4EF}"
EndProject
Project("{9A19103F-16F7-4668-BE54-9A1E7A4F7556}") = "WebApi.Infrastructure", "src\WebApi.Infrastructure\WebApi.Infrastructure.csproj", "{23457FA8-1283-4C38-A974-CAD722EF0ED0}"
EndProject
Project("{2150E333-8FDC-42A3-9474-1A3956D46DE8}") = ".ebextensions", ".ebextensions", "{5365E8CF-A652-4F0F-8779-06C5817B0FD5}"
	ProjectSection(SolutionItems) = preProject
		WebApi.config = WebApi.config
	EndProjectSection
EndProject
Global
	GlobalSection(SolutionConfigurationPlatforms) = preSolution
		Debug|Any CPU = Debug|Any CPU
		Release|Any CPU = Release|Any CPU
	EndGlobalSection
	GlobalSection(ProjectConfigurationPlatforms) = postSolution
		{D6D68174-1C9F-465D-B9CD-738B59840461}.Debug|Any CPU.ActiveCfg = Debug|Any CPU
		{D6D68174-1C9F-465D-B9CD-738B59840461}.Debug|Any CPU.Build.0 = Debug|Any CPU
		{D6D68174-1C9F-465D-B9CD-738B59840461}.Release|Any CPU.ActiveCfg = Release|Any CPU
		{D6D68174-1C9F-465D-B9CD-738B59840461}.Release|Any CPU.Build.0 = Release|Any CPU
		{EBE6EBCB-F34A-4A78-8BDE-166C1389E4EF}.Debug|Any CPU.ActiveCfg = Debug|Any CPU
		{EBE6EBCB-F34A-4A78-8BDE-166C1389E4EF}.Debug|Any CPU.Build.0 = Debug|Any CPU
		{EBE6EBCB-F34A-4A78-8BDE-166C1389E4EF}.Release|Any CPU.ActiveCfg = Release|Any CPU
		{EBE6EBCB-F34A-4A78-8BDE-166C1389E4EF}.Release|Any CPU.Build.0 = Release|Any CPU
		{23457FA8-1283-4C38-A974-CAD722EF0ED0}.Debug|Any CPU.ActiveCfg = Debug|Any CPU
		{23457FA8-1283-4C38-A974-CAD722EF0ED0}.Debug|Any CPU.Build.0 = Debug|Any CPU
		{23457FA8-1283-4C38-A974-CAD722EF0ED0}.Release|Any CPU.ActiveCfg = Release|Any CPU
		{23457FA8-1283-4C38-A974-CAD722EF0ED0}.Release|Any CPU.Build.0 = Release|Any CPU
	EndGlobalSection
	GlobalSection(SolutionProperties) = preSolution
		HideSolutionNode = FALSE
	EndGlobalSection
	GlobalSection(ExtensibilityGlobals) = postSolution
		SolutionGuid = {4E011BD4-684B-4DED-AD79-E199A3894DB8}
	EndGlobalSection
EndGlobal
